
Microsoft Visual Studio Solution File, Format Version 12.00
# Visual Studio Version 17
VisualStudioVersion = 17.8.34511.84
MinimumVisualStudioVersion = 10.0.40219.1
Project("{FAE04EC0-301F-11D3-BF4B-00C04F79EFBC}") = "Projekt Genspil v.2", "Projekt Genspil v.2\Projekt Genspil v.2.csproj", "{A01BA4E0-6350-4482-9D2B-51BCA5564657}"
EndProject
Global
	GlobalSection(SolutionConfigurationPlatforms) = preSolution
		Debug|Any CPU = Debug|Any CPU
		Release|Any CPU = Release|Any CPU
	EndGlobalSection
	GlobalSection(ProjectConfigurationPlatforms) = postSolution
		{A01BA4E0-6350-4482-9D2B-51BCA5564657}.Debug|Any CPU.ActiveCfg = Debug|Any CPU
		{A01BA4E0-6350-4482-9D2B-51BCA5564657}.Debug|Any CPU.Build.0 = Debug|Any CPU
		{A01BA4E0-6350-4482-9D2B-51BCA5564657}.Release|Any CPU.ActiveCfg = Release|Any CPU
		{A01BA4E0-6350-4482-9D2B-51BCA5564657}.Release|Any CPU.Build.0 = Release|Any CPU
	EndGlobalSection
	GlobalSection(SolutionProperties) = preSolution
		HideSolutionNode = FALSE
	EndGlobalSection
	GlobalSection(ExtensibilityGlobals) = postSolution
		SolutionGuid = {AECDAF05-5971-43C7-B025-94EDC770FA9B}
	EndGlobalSection
EndGlobal
